<?xml version="1.0" encoding="utf-8"?>
<Project ToolsVersion="4.0" xmlns="http://schemas.microsoft.com/developer/msbuild/2003">
  <ItemGroup>
    <Filter Include="Source Files">
      <UniqueIdentifier>{4FC737F1-C7A5-4376-A066-2A32D752A2FF}</UniqueIdentifier>
      <Extensions>cpp;c;cc;cxx;c++;cppm;ixx;def;odl;idl;hpj;bat;asm;asmx</Extensions>
    </Filter>
    <Filter Include="Header Files">
      <UniqueIdentifier>{93995380-89BD-4b04-88EB-625FBE52EBFB}</UniqueIdentifier>
      <Extensions>h;hh;hpp;hxx;h++;hm;inl;inc;ipp;xsd</Extensions>
    </Filter>
    <Filter Include="Resource Files">
      <UniqueIdentifier>{67DA6AB6-F800-4c08-8B7A-83BB121AAD01}</UniqueIdentifier>
      <Extensions>rc;ico;cur;bmp;dlg;rc2;rct;bin;rgs;gif;jpg;jpeg;jpe;resx;tiff;tif;png;wav;mfcribbon-ms</Extensions>
    </Filter>
  </ItemGroup>
  <ItemGroup>
    <ClCompile Include="main.cpp">
      <Filter>Source Files</Filter>
    </ClCompile>
    <ClCompile Include="circulo.cpp">
      <Filter>Source Files</Filter>
    </ClCompile>
    <ClCompile Include="cometa.cpp">
      <Filter>Source Files</Filter>
    </ClCompile>
    <ClCompile Include="cuadrado.cpp">
      <Filter>Source Files</Filter>
    </ClCompile>
    <ClCompile Include="paralelogramo.cpp">
      <Filter>Source Files</Filter>
    </ClCompile>
    <ClCompile Include="rectangulo.cpp">
      <Filter>Source Files</Filter>
    </ClCompile>
    <ClCompile Include="rombo.cpp">
      <Filter>Source Files</Filter>
    </ClCompile>
    <ClCompile Include="trapecio.cpp">
      <Filter>Source Files</Filter>
    </ClCompile>
    <ClCompile Include="triangulo.cpp">
      <Filter>Source Files</Filter>
    </ClCompile>
    <ClCompile Include="funciones.cpp">
      <Filter>Source Files</Filter>
    </ClCompile>
  </ItemGroup>
  <ItemGroup>
    <ClInclude Include="circulo.h">
      <Filter>Source Files</Filter>
    </ClInclude>
    <ClInclude Include="cometa.h">
      <Filter>Source Files</Filter>
    </ClInclude>
    <ClInclude Include="cuadrado.h">
      <Filter>Source Files</Filter>
    </ClInclude>
    <ClInclude Include="paralelogramo.h">
      <Filter>Source Files</Filter>
    </ClInclude>
    <ClInclude Include="rectangulo.h">
      <Filter>Source Files</Filter>
    </ClInclude>
    <ClInclude Include="rombo.h">
      <Filter>Source Files</Filter>
    </ClInclude>
    <ClInclude Include="trapecio.h">
      <Filter>Source Files</Filter>
    </ClInclude>
    <ClInclude Include="triangulo.h">
      <Filter>Source Files</Filter>
    </ClInclude>
    <ClInclude Include="funciones.h">
      <Filter>Source Files</Filter>
    </ClInclude>
  </ItemGroup>
  <ItemGroup>
    <Text Include="circulo.txt">
      <Filter>Source Files</Filter>
    </Text>
    <Text Include="cometa.txt">
      <Filter>Source Files</Filter>
    </Text>
    <Text Include="cuadrado.txt">
      <Filter>Source Files</Filter>
    </Text>
    <Text Include="paralelogramo.txt">
      <Filter>Source Files</Filter>
    </Text>
    <Text Include="rectangulo.txt">
      <Filter>Source Files</Filter>
    </Text>
    <Text Include="rombo.txt">
      <Filter>Source Files</Filter>
    </Text>
    <Text Include="trapecio.txt">
      <Filter>Source Files</Filter>
    </Text>
    <Text Include="triangulo.txt">
      <Filter>Source Files</Filter>
    </Text>
  </ItemGroup>
</Project>